
Microsoft Visual Studio Solution File, Format Version 12.00
# Visual Studio Version 17
VisualStudioVersion = 17.8.34322.80
MinimumVisualStudioVersion = 10.0.40219.1
Project("{FAE04EC0-301F-11D3-BF4B-00C04F79EFBC}") = "_03_C#", "_03_C#\_03_C#.csproj", "{F009333B-CC27-41AD-AFC1-72FD3566D444}"
EndProject
Global
	GlobalSection(SolutionConfigurationPlatforms) = preSolution
		Debug|Any CPU = Debug|Any CPU
		Release|Any CPU = Release|Any CPU
	EndGlobalSection
	GlobalSection(ProjectConfigurationPlatforms) = postSolution
		{F009333B-CC27-41AD-AFC1-72FD3566D444}.Debug|Any CPU.ActiveCfg = Debug|Any CPU
		{F009333B-CC27-41AD-AFC1-72FD3566D444}.Debug|Any CPU.Build.0 = Debug|Any CPU
		{F009333B-CC27-41AD-AFC1-72FD3566D444}.Release|Any CPU.ActiveCfg = Release|Any CPU
		{F009333B-CC27-41AD-AFC1-72FD3566D444}.Release|Any CPU.Build.0 = Release|Any CPU
	EndGlobalSection
	GlobalSection(SolutionProperties) = preSolution
		HideSolutionNode = FALSE
	EndGlobalSection
	GlobalSection(ExtensibilityGlobals) = postSolution
		SolutionGuid = {F2CA9416-E9C1-4EC3-8561-8ED8F48F4F52}
	EndGlobalSection
EndGlobal
